// !$*UTF8*$!
{
	archiveVersion = 1;
	classes = {
	};
	objectVersion = 46;
	objects = {

/* Begin PBXBuildFile section */
		40BF281C182A0FFF00A1BD71 /* TicketDetailsViewController.m in Sources */ = {isa = PBXBuildFile; fileRef = 40BF281B182A0FFF00A1BD71 /* TicketDetailsViewController.m */; };
		40BF281D182A0FFF00A1BD71 /* TicketDetailsViewController.m in Sources */ = {isa = PBXBuildFile; fileRef = 40BF281B182A0FFF00A1BD71 /* TicketDetailsViewController.m */; };
		40BF281F182A184000A1BD71 /* CoreLocation.framework in Frameworks */ = {isa = PBXBuildFile; fileRef = 40BF281E182A184000A1BD71 /* CoreLocation.framework */; };
		40BF2821182A184900A1BD71 /* MapKit.framework in Frameworks */ = {isa = PBXBuildFile; fileRef = 40BF2820182A184900A1BD71 /* MapKit.framework */; };
		40BF2828182A989100A1BD71 /* TicketDetailsView.m in Sources */ = {isa = PBXBuildFile; fileRef = 40BF2827182A989100A1BD71 /* TicketDetailsView.m */; };
		40BF2829182A989100A1BD71 /* TicketDetailsView.m in Sources */ = {isa = PBXBuildFile; fileRef = 40BF2827182A989100A1BD71 /* TicketDetailsView.m */; };
		40EA28BF18297095007A5D0F /* README.md in Resources */ = {isa = PBXBuildFile; fileRef = 40EA28BE18297095007A5D0F /* README.md */; };
		8B034CA5182422250050CBAB /* Foundation.framework in Frameworks */ = {isa = PBXBuildFile; fileRef = 8B034CA4182422250050CBAB /* Foundation.framework */; };
		8B034CA7182422250050CBAB /* CoreGraphics.framework in Frameworks */ = {isa = PBXBuildFile; fileRef = 8B034CA6182422250050CBAB /* CoreGraphics.framework */; };
		8B034CA9182422250050CBAB /* UIKit.framework in Frameworks */ = {isa = PBXBuildFile; fileRef = 8B034CA8182422250050CBAB /* UIKit.framework */; };
		8B034CAF182422250050CBAB /* InfoPlist.strings in Resources */ = {isa = PBXBuildFile; fileRef = 8B034CAD182422250050CBAB /* InfoPlist.strings */; };
		8B034CB1182422250050CBAB /* main.m in Sources */ = {isa = PBXBuildFile; fileRef = 8B034CB0182422250050CBAB /* main.m */; };
		8B034CB5182422250050CBAB /* AppDelegate.m in Sources */ = {isa = PBXBuildFile; fileRef = 8B034CB4182422250050CBAB /* AppDelegate.m */; };
		8B034CB8182422250050CBAB /* Main.storyboard in Resources */ = {isa = PBXBuildFile; fileRef = 8B034CB6182422250050CBAB /* Main.storyboard */; };
		8B034CC0182422250050CBAB /* Images.xcassets in Resources */ = {isa = PBXBuildFile; fileRef = 8B034CBF182422250050CBAB /* Images.xcassets */; };
		8B034CC7182422250050CBAB /* XCTest.framework in Frameworks */ = {isa = PBXBuildFile; fileRef = 8B034CC6182422250050CBAB /* XCTest.framework */; };
		8B034CC8182422250050CBAB /* Foundation.framework in Frameworks */ = {isa = PBXBuildFile; fileRef = 8B034CA4182422250050CBAB /* Foundation.framework */; };
		8B034CC9182422250050CBAB /* UIKit.framework in Frameworks */ = {isa = PBXBuildFile; fileRef = 8B034CA8182422250050CBAB /* UIKit.framework */; };
		8B034CD1182422250050CBAB /* InfoPlist.strings in Resources */ = {isa = PBXBuildFile; fileRef = 8B034CCF182422250050CBAB /* InfoPlist.strings */; };
		8B034CD3182422250050CBAB /* HamiltonTests.m in Sources */ = {isa = PBXBuildFile; fileRef = 8B034CD2182422250050CBAB /* HamiltonTests.m */; };
		8B034CEC182453710050CBAB /* EventDetailsViewController.m in Sources */ = {isa = PBXBuildFile; fileRef = 8B034CEB182453710050CBAB /* EventDetailsViewController.m */; };
		8B034CED182453710050CBAB /* EventDetailsViewController.m in Sources */ = {isa = PBXBuildFile; fileRef = 8B034CEB182453710050CBAB /* EventDetailsViewController.m */; };
		8BC0F3661829D320001B5A7B /* EventsViewController.m in Sources */ = {isa = PBXBuildFile; fileRef = 8BC0F3631829D320001B5A7B /* EventsViewController.m */; };
		8BC0F3671829D320001B5A7B /* TicketsViewController.m in Sources */ = {isa = PBXBuildFile; fileRef = 8BC0F3651829D320001B5A7B /* TicketsViewController.m */; };
		8BC0F36E1829D3ED001B5A7B /* EventTableViewCell.m in Sources */ = {isa = PBXBuildFile; fileRef = 8BC0F3691829D3ED001B5A7B /* EventTableViewCell.m */; };
		8BC0F36F1829D3ED001B5A7B /* LargeButton.m in Sources */ = {isa = PBXBuildFile; fileRef = 8BC0F36B1829D3ED001B5A7B /* LargeButton.m */; };
		8BC0F3701829D3ED001B5A7B /* TicketTableViewCell.m in Sources */ = {isa = PBXBuildFile; fileRef = 8BC0F36D1829D3ED001B5A7B /* TicketTableViewCell.m */; };
		8BC0F3751829D3FB001B5A7B /* Event.m in Sources */ = {isa = PBXBuildFile; fileRef = 8BC0F3721829D3FB001B5A7B /* Event.m */; };
		8BC0F3761829D3FB001B5A7B /* Ticket.m in Sources */ = {isa = PBXBuildFile; fileRef = 8BC0F3741829D3FB001B5A7B /* Ticket.m */; };
		C1549C949B25413586F33A6D /* libPods.a in Frameworks */ = {isa = PBXBuildFile; fileRef = 1284DE3588EF4182B1BE0706 /* libPods.a */; };
/* End PBXBuildFile section */

/* Begin PBXContainerItemProxy section */
		8B034CCA182422250050CBAB /* PBXContainerItemProxy */ = {
			isa = PBXContainerItemProxy;
			containerPortal = 8B034C99182422250050CBAB /* Project object */;
			proxyType = 1;
			remoteGlobalIDString = 8B034CA0182422250050CBAB;
			remoteInfo = Hamilton;
		};
/* End PBXContainerItemProxy section */

/* Begin PBXFileReference section */
		1284DE3588EF4182B1BE0706 /* libPods.a */ = {isa = PBXFileReference; explicitFileType = archive.ar; includeInIndex = 0; path = libPods.a; sourceTree = BUILT_PRODUCTS_DIR; };
		40AA15DF182A0DB500C70819 /* Hamilton-Prefix.pch */ = {isa = PBXFileReference; lastKnownFileType = sourcecode.c.h; path = "Hamilton-Prefix.pch"; sourceTree = "<group>"; };
		40BF281A182A0FFF00A1BD71 /* TicketDetailsViewController.h */ = {isa = PBXFileReference; fileEncoding = 4; lastKnownFileType = sourcecode.c.h; path = TicketDetailsViewController.h; sourceTree = "<group>"; };
		40BF281B182A0FFF00A1BD71 /* TicketDetailsViewController.m */ = {isa = PBXFileReference; fileEncoding = 4; lastKnownFileType = sourcecode.c.objc; path = TicketDetailsViewController.m; sourceTree = "<group>"; };
		40BF281E182A184000A1BD71 /* CoreLocation.framework */ = {isa = PBXFileReference; lastKnownFileType = wrapper.framework; name = CoreLocation.framework; path = System/Library/Frameworks/CoreLocation.framework; sourceTree = SDKROOT; };
		40BF2820182A184900A1BD71 /* MapKit.framework */ = {isa = PBXFileReference; lastKnownFileType = wrapper.framework; name = MapKit.framework; path = System/Library/Frameworks/MapKit.framework; sourceTree = SDKROOT; };
		40BF2826182A989100A1BD71 /* TicketDetailsView.h */ = {isa = PBXFileReference; fileEncoding = 4; lastKnownFileType = sourcecode.c.h; path = TicketDetailsView.h; sourceTree = "<group>"; };
		40BF2827182A989100A1BD71 /* TicketDetailsView.m */ = {isa = PBXFileReference; fileEncoding = 4; lastKnownFileType = sourcecode.c.objc; path = TicketDetailsView.m; sourceTree = "<group>"; };
		40EA28BE18297095007A5D0F /* README.md */ = {isa = PBXFileReference; fileEncoding = 4; lastKnownFileType = text; path = README.md; sourceTree = "<group>"; };
		8B034CA1182422250050CBAB /* Hamilton.app */ = {isa = PBXFileReference; explicitFileType = wrapper.application; includeInIndex = 0; path = Hamilton.app; sourceTree = BUILT_PRODUCTS_DIR; };
		8B034CA4182422250050CBAB /* Foundation.framework */ = {isa = PBXFileReference; lastKnownFileType = wrapper.framework; name = Foundation.framework; path = System/Library/Frameworks/Foundation.framework; sourceTree = SDKROOT; };
		8B034CA6182422250050CBAB /* CoreGraphics.framework */ = {isa = PBXFileReference; lastKnownFileType = wrapper.framework; name = CoreGraphics.framework; path = System/Library/Frameworks/CoreGraphics.framework; sourceTree = SDKROOT; };
		8B034CA8182422250050CBAB /* UIKit.framework */ = {isa = PBXFileReference; lastKnownFileType = wrapper.framework; name = UIKit.framework; path = System/Library/Frameworks/UIKit.framework; sourceTree = SDKROOT; };
		8B034CAC182422250050CBAB /* Hamilton-Info.plist */ = {isa = PBXFileReference; lastKnownFileType = text.plist.xml; path = "Hamilton-Info.plist"; sourceTree = "<group>"; };
		8B034CAE182422250050CBAB /* en */ = {isa = PBXFileReference; lastKnownFileType = text.plist.strings; name = en; path = en.lproj/InfoPlist.strings; sourceTree = "<group>"; };
		8B034CB0182422250050CBAB /* main.m */ = {isa = PBXFileReference; lastKnownFileType = sourcecode.c.objc; path = main.m; sourceTree = "<group>"; };
		8B034CB3182422250050CBAB /* AppDelegate.h */ = {isa = PBXFileReference; lastKnownFileType = sourcecode.c.h; path = AppDelegate.h; sourceTree = "<group>"; };
		8B034CB4182422250050CBAB /* AppDelegate.m */ = {isa = PBXFileReference; lastKnownFileType = sourcecode.c.objc; path = AppDelegate.m; sourceTree = "<group>"; };
		8B034CB7182422250050CBAB /* Base */ = {isa = PBXFileReference; lastKnownFileType = file.storyboard; name = Base; path = Base.lproj/Main.storyboard; sourceTree = "<group>"; };
		8B034CBF182422250050CBAB /* Images.xcassets */ = {isa = PBXFileReference; lastKnownFileType = folder.assetcatalog; path = Images.xcassets; sourceTree = "<group>"; };
		8B034CC5182422250050CBAB /* HamiltonTests.xctest */ = {isa = PBXFileReference; explicitFileType = wrapper.cfbundle; includeInIndex = 0; path = HamiltonTests.xctest; sourceTree = BUILT_PRODUCTS_DIR; };
		8B034CC6182422250050CBAB /* XCTest.framework */ = {isa = PBXFileReference; lastKnownFileType = wrapper.framework; name = XCTest.framework; path = Library/Frameworks/XCTest.framework; sourceTree = DEVELOPER_DIR; };
		8B034CCE182422250050CBAB /* HamiltonTests-Info.plist */ = {isa = PBXFileReference; lastKnownFileType = text.plist.xml; path = "HamiltonTests-Info.plist"; sourceTree = "<group>"; };
		8B034CD0182422250050CBAB /* en */ = {isa = PBXFileReference; lastKnownFileType = text.plist.strings; name = en; path = en.lproj/InfoPlist.strings; sourceTree = "<group>"; };
		8B034CD2182422250050CBAB /* HamiltonTests.m */ = {isa = PBXFileReference; lastKnownFileType = sourcecode.c.objc; path = HamiltonTests.m; sourceTree = "<group>"; };
		8B034CEA182453710050CBAB /* EventDetailsViewController.h */ = {isa = PBXFileReference; fileEncoding = 4; lastKnownFileType = sourcecode.c.h; path = EventDetailsViewController.h; sourceTree = "<group>"; };
		8B034CEB182453710050CBAB /* EventDetailsViewController.m */ = {isa = PBXFileReference; fileEncoding = 4; lastKnownFileType = sourcecode.c.objc; path = EventDetailsViewController.m; sourceTree = "<group>"; };
		8BC0F3621829D320001B5A7B /* EventsViewController.h */ = {isa = PBXFileReference; fileEncoding = 4; lastKnownFileType = sourcecode.c.h; path = EventsViewController.h; sourceTree = "<group>"; };
		8BC0F3631829D320001B5A7B /* EventsViewController.m */ = {isa = PBXFileReference; fileEncoding = 4; lastKnownFileType = sourcecode.c.objc; path = EventsViewController.m; sourceTree = "<group>"; };
		8BC0F3641829D320001B5A7B /* TicketsViewController.h */ = {isa = PBXFileReference; fileEncoding = 4; lastKnownFileType = sourcecode.c.h; path = TicketsViewController.h; sourceTree = "<group>"; };
		8BC0F3651829D320001B5A7B /* TicketsViewController.m */ = {isa = PBXFileReference; fileEncoding = 4; lastKnownFileType = sourcecode.c.objc; path = TicketsViewController.m; sourceTree = "<group>"; };
		8BC0F3681829D3ED001B5A7B /* EventTableViewCell.h */ = {isa = PBXFileReference; fileEncoding = 4; lastKnownFileType = sourcecode.c.h; path = EventTableViewCell.h; sourceTree = "<group>"; };
		8BC0F3691829D3ED001B5A7B /* EventTableViewCell.m */ = {isa = PBXFileReference; fileEncoding = 4; lastKnownFileType = sourcecode.c.objc; path = EventTableViewCell.m; sourceTree = "<group>"; };
		8BC0F36A1829D3ED001B5A7B /* LargeButton.h */ = {isa = PBXFileReference; fileEncoding = 4; lastKnownFileType = sourcecode.c.h; path = LargeButton.h; sourceTree = "<group>"; };
		8BC0F36B1829D3ED001B5A7B /* LargeButton.m */ = {isa = PBXFileReference; fileEncoding = 4; lastKnownFileType = sourcecode.c.objc; path = LargeButton.m; sourceTree = "<group>"; };
		8BC0F36C1829D3ED001B5A7B /* TicketTableViewCell.h */ = {isa = PBXFileReference; fileEncoding = 4; lastKnownFileType = sourcecode.c.h; path = TicketTableViewCell.h; sourceTree = "<group>"; };
		8BC0F36D1829D3ED001B5A7B /* TicketTableViewCell.m */ = {isa = PBXFileReference; fileEncoding = 4; lastKnownFileType = sourcecode.c.objc; path = TicketTableViewCell.m; sourceTree = "<group>"; };
		8BC0F3711829D3FB001B5A7B /* Event.h */ = {isa = PBXFileReference; fileEncoding = 4; lastKnownFileType = sourcecode.c.h; path = Event.h; sourceTree = "<group>"; };
		8BC0F3721829D3FB001B5A7B /* Event.m */ = {isa = PBXFileReference; fileEncoding = 4; lastKnownFileType = sourcecode.c.objc; path = Event.m; sourceTree = "<group>"; };
		8BC0F3731829D3FB001B5A7B /* Ticket.h */ = {isa = PBXFileReference; fileEncoding = 4; lastKnownFileType = sourcecode.c.h; path = Ticket.h; sourceTree = "<group>"; };
		8BC0F3741829D3FB001B5A7B /* Ticket.m */ = {isa = PBXFileReference; fileEncoding = 4; lastKnownFileType = sourcecode.c.objc; path = Ticket.m; sourceTree = "<group>"; };
		9EBAA57CFAC047DE935B4291 /* Pods.xcconfig */ = {isa = PBXFileReference; includeInIndex = 1; lastKnownFileType = text.xcconfig; name = Pods.xcconfig; path = Pods/Pods.xcconfig; sourceTree = "<group>"; };
/* End PBXFileReference section */

/* Begin PBXFrameworksBuildPhase section */
		8B034C9E182422250050CBAB /* Frameworks */ = {
			isa = PBXFrameworksBuildPhase;
			buildActionMask = 2147483647;
			files = (
				40BF2821182A184900A1BD71 /* MapKit.framework in Frameworks */,
				40BF281F182A184000A1BD71 /* CoreLocation.framework in Frameworks */,
				8B034CA7182422250050CBAB /* CoreGraphics.framework in Frameworks */,
				8B034CA9182422250050CBAB /* UIKit.framework in Frameworks */,
				8B034CA5182422250050CBAB /* Foundation.framework in Frameworks */,
				C1549C949B25413586F33A6D /* libPods.a in Frameworks */,
			);
			runOnlyForDeploymentPostprocessing = 0;
		};
		8B034CC2182422250050CBAB /* Frameworks */ = {
			isa = PBXFrameworksBuildPhase;
			buildActionMask = 2147483647;
			files = (
				8B034CC7182422250050CBAB /* XCTest.framework in Frameworks */,
				8B034CC9182422250050CBAB /* UIKit.framework in Frameworks */,
				8B034CC8182422250050CBAB /* Foundation.framework in Frameworks */,
			);
			runOnlyForDeploymentPostprocessing = 0;
		};
/* End PBXFrameworksBuildPhase section */

/* Begin PBXGroup section */
		3F3E59E91828C6560072927D /* Resources */ = {
			isa = PBXGroup;
			children = (
				8B034CBF182422250050CBAB /* Images.xcassets */,
				8B034CAB182422250050CBAB /* Supporting Files */,
			);
			path = Resources;
			sourceTree = "<group>";
		};
		40EA28BA18296F5D007A5D0F /* Views */ = {
			isa = PBXGroup;
			children = (
				8BC0F3681829D3ED001B5A7B /* EventTableViewCell.h */,
				8BC0F3691829D3ED001B5A7B /* EventTableViewCell.m */,
				8BC0F36A1829D3ED001B5A7B /* LargeButton.h */,
				8BC0F36B1829D3ED001B5A7B /* LargeButton.m */,
				8BC0F36C1829D3ED001B5A7B /* TicketTableViewCell.h */,
				8BC0F36D1829D3ED001B5A7B /* TicketTableViewCell.m */,
				40BF2826182A989100A1BD71 /* TicketDetailsView.h */,
				40BF2827182A989100A1BD71 /* TicketDetailsView.m */,
			);
			path = Views;
			sourceTree = "<group>";
		};
		40EA28BB18296FB7007A5D0F /* API */ = {
			isa = PBXGroup;
			children = (
			);
			path = API;
			sourceTree = "<group>";
		};
		40EA28BC18296FBD007A5D0F /* Support */ = {
			isa = PBXGroup;
			children = (
			);
			path = Support;
			sourceTree = "<group>";
		};
		40EA28BD18297047007A5D0F /* Lib */ = {
			isa = PBXGroup;
			children = (
			);
			path = Lib;
			sourceTree = "<group>";
		};
		8B034C98182422250050CBAB = {
			isa = PBXGroup;
			children = (
				40EA28BE18297095007A5D0F /* README.md */,
				8B034CAA182422250050CBAB /* Hamilton */,
				3F3E59E91828C6560072927D /* Resources */,
				40EA28BD18297047007A5D0F /* Lib */,
				8B034CCC182422250050CBAB /* HamiltonTests */,
				9EBAA57CFAC047DE935B4291 /* Pods.xcconfig */,
				8B034CA2182422250050CBAB /* Products */,
				8B034CA3182422250050CBAB /* Frameworks */,
			);
			sourceTree = "<group>";
		};
		8B034CA2182422250050CBAB /* Products */ = {
			isa = PBXGroup;
			children = (
				8B034CA1182422250050CBAB /* Hamilton.app */,
				8B034CC5182422250050CBAB /* HamiltonTests.xctest */,
			);
			name = Products;
			sourceTree = "<group>";
		};
		8B034CA3182422250050CBAB /* Frameworks */ = {
			isa = PBXGroup;
			children = (
				40BF2820182A184900A1BD71 /* MapKit.framework */,
				40BF281E182A184000A1BD71 /* CoreLocation.framework */,
				8B034CA4182422250050CBAB /* Foundation.framework */,
				8B034CA6182422250050CBAB /* CoreGraphics.framework */,
				8B034CA8182422250050CBAB /* UIKit.framework */,
				8B034CC6182422250050CBAB /* XCTest.framework */,
				1284DE3588EF4182B1BE0706 /* libPods.a */,
			);
			name = Frameworks;
			sourceTree = "<group>";
		};
		8B034CAA182422250050CBAB /* Hamilton */ = {
			isa = PBXGroup;
			children = (
				8B034CB3182422250050CBAB /* AppDelegate.h */,
				8B034CB4182422250050CBAB /* AppDelegate.m */,
				8B034CB6182422250050CBAB /* Main.storyboard */,
				40EA28BB18296FB7007A5D0F /* API */,
				8B034CE1182424100050CBAB /* Controllers */,
				8B034CDC182423170050CBAB /* Models */,
				40EA28BA18296F5D007A5D0F /* Views */,
				40EA28BC18296FBD007A5D0F /* Support */,
			);
			path = Hamilton;
			sourceTree = "<group>";
		};
		8B034CAB182422250050CBAB /* Supporting Files */ = {
			isa = PBXGroup;
			children = (
				40AA15DF182A0DB500C70819 /* Hamilton-Prefix.pch */,
				8B034CAC182422250050CBAB /* Hamilton-Info.plist */,
				8B034CAD182422250050CBAB /* InfoPlist.strings */,
				8B034CB0182422250050CBAB /* main.m */,
			);
			name = "Supporting Files";
			path = ../Hamilton;
			sourceTree = "<group>";
		};
		8B034CCC182422250050CBAB /* HamiltonTests */ = {
			isa = PBXGroup;
			children = (
				8B034CD2182422250050CBAB /* HamiltonTests.m */,
				8B034CCD182422250050CBAB /* Supporting Files */,
			);
			path = HamiltonTests;
			sourceTree = "<group>";
		};
		8B034CCD182422250050CBAB /* Supporting Files */ = {
			isa = PBXGroup;
			children = (
				8B034CCE182422250050CBAB /* HamiltonTests-Info.plist */,
				8B034CCF182422250050CBAB /* InfoPlist.strings */,
			);
			name = "Supporting Files";
			sourceTree = "<group>";
		};
		8B034CDC182423170050CBAB /* Models */ = {
			isa = PBXGroup;
			children = (
				8BC0F3711829D3FB001B5A7B /* Event.h */,
				8BC0F3721829D3FB001B5A7B /* Event.m */,
				8BC0F3731829D3FB001B5A7B /* Ticket.h */,
				8BC0F3741829D3FB001B5A7B /* Ticket.m */,
			);
			path = Models;
			sourceTree = "<group>";
		};
		8B034CE1182424100050CBAB /* Controllers */ = {
			isa = PBXGroup;
			children = (
				8B034CEA182453710050CBAB /* EventDetailsViewController.h */,
				8B034CEB182453710050CBAB /* EventDetailsViewController.m */,
				8BC0F3621829D320001B5A7B /* EventsViewController.h */,
				8BC0F3631829D320001B5A7B /* EventsViewController.m */,
				8BC0F3641829D320001B5A7B /* TicketsViewController.h */,
				8BC0F3651829D320001B5A7B /* TicketsViewController.m */,
				40BF281A182A0FFF00A1BD71 /* TicketDetailsViewController.h */,
				40BF281B182A0FFF00A1BD71 /* TicketDetailsViewController.m */,
			);
			path = Controllers;
			sourceTree = "<group>";
		};
/* End PBXGroup section */

/* Begin PBXNativeTarget section */
		8B034CA0182422250050CBAB /* Hamilton */ = {
			isa = PBXNativeTarget;
			buildConfigurationList = 8B034CD6182422250050CBAB /* Build configuration list for PBXNativeTarget "Hamilton" */;
			buildPhases = (
				B108E981E955494CBD86830D /* Check Pods Manifest.lock */,
				8B034C9D182422250050CBAB /* Sources */,
				8B034C9E182422250050CBAB /* Frameworks */,
				8B034C9F182422250050CBAB /* Resources */,
				8A4D38A5A09D467E94309C6F /* Copy Pods Resources */,
			);
			buildRules = (
			);
			dependencies = (
			);
			name = Hamilton;
			productName = Hamilton;
			productReference = 8B034CA1182422250050CBAB /* Hamilton.app */;
			productType = "com.apple.product-type.application";
		};
		8B034CC4182422250050CBAB /* HamiltonTests */ = {
			isa = PBXNativeTarget;
			buildConfigurationList = 8B034CD9182422250050CBAB /* Build configuration list for PBXNativeTarget "HamiltonTests" */;
			buildPhases = (
				8B034CC1182422250050CBAB /* Sources */,
				8B034CC2182422250050CBAB /* Frameworks */,
				8B034CC3182422250050CBAB /* Resources */,
			);
			buildRules = (
			);
			dependencies = (
				8B034CCB182422250050CBAB /* PBXTargetDependency */,
			);
			name = HamiltonTests;
			productName = HamiltonTests;
			productReference = 8B034CC5182422250050CBAB /* HamiltonTests.xctest */;
			productType = "com.apple.product-type.bundle.unit-test";
		};
/* End PBXNativeTarget section */

/* Begin PBXProject section */
		8B034C99182422250050CBAB /* Project object */ = {
			isa = PBXProject;
			attributes = {
				LastUpgradeCheck = 0500;
				ORGANIZATIONNAME = "Caitlin and Adam";
				TargetAttributes = {
					8B034CC4182422250050CBAB = {
						TestTargetID = 8B034CA0182422250050CBAB;
					};
				};
			};
			buildConfigurationList = 8B034C9C182422250050CBAB /* Build configuration list for PBXProject "Hamilton" */;
			compatibilityVersion = "Xcode 3.2";
			developmentRegion = English;
			hasScannedForEncodings = 0;
			knownRegions = (
				en,
				Base,
			);
			mainGroup = 8B034C98182422250050CBAB;
			productRefGroup = 8B034CA2182422250050CBAB /* Products */;
			projectDirPath = "";
			projectRoot = "";
			targets = (
				8B034CA0182422250050CBAB /* Hamilton */,
				8B034CC4182422250050CBAB /* HamiltonTests */,
			);
		};
/* End PBXProject section */

/* Begin PBXResourcesBuildPhase section */
		8B034C9F182422250050CBAB /* Resources */ = {
			isa = PBXResourcesBuildPhase;
			buildActionMask = 2147483647;
			files = (
				8B034CC0182422250050CBAB /* Images.xcassets in Resources */,
				8B034CAF182422250050CBAB /* InfoPlist.strings in Resources */,
				40EA28BF18297095007A5D0F /* README.md in Resources */,
				8B034CB8182422250050CBAB /* Main.storyboard in Resources */,
			);
			runOnlyForDeploymentPostprocessing = 0;
		};
		8B034CC3182422250050CBAB /* Resources */ = {
			isa = PBXResourcesBuildPhase;
			buildActionMask = 2147483647;
			files = (
				8B034CD1182422250050CBAB /* InfoPlist.strings in Resources */,
			);
			runOnlyForDeploymentPostprocessing = 0;
		};
/* End PBXResourcesBuildPhase section */

/* Begin PBXShellScriptBuildPhase section */
		8A4D38A5A09D467E94309C6F /* Copy Pods Resources */ = {
			isa = PBXShellScriptBuildPhase;
			buildActionMask = 2147483647;
			files = (
			);
			inputPaths = (
			);
			name = "Copy Pods Resources";
			outputPaths = (
			);
			runOnlyForDeploymentPostprocessing = 0;
			shellPath = /bin/sh;
			shellScript = "\"${SRCROOT}/Pods/Pods-resources.sh\"\n";
			showEnvVarsInLog = 0;
		};
		B108E981E955494CBD86830D /* Check Pods Manifest.lock */ = {
			isa = PBXShellScriptBuildPhase;
			buildActionMask = 2147483647;
			files = (
			);
			inputPaths = (
			);
			name = "Check Pods Manifest.lock";
			outputPaths = (
			);
			runOnlyForDeploymentPostprocessing = 0;
			shellPath = /bin/sh;
			shellScript = "diff \"${PODS_ROOT}/../Podfile.lock\" \"${PODS_ROOT}/Manifest.lock\" > /dev/null\nif [[ $? != 0 ]] ; then\n    cat << EOM\nerror: The sandbox is not in sync with the Podfile.lock. Run 'pod install' or update your CocoaPods installation.\nEOM\n    exit 1\nfi\n";
			showEnvVarsInLog = 0;
		};
/* End PBXShellScriptBuildPhase section */

/* Begin PBXSourcesBuildPhase section */
		8B034C9D182422250050CBAB /* Sources */ = {
			isa = PBXSourcesBuildPhase;
			buildActionMask = 2147483647;
			files = (
				8B034CEC182453710050CBAB /* EventDetailsViewController.m in Sources */,
				8B034CB5182422250050CBAB /* AppDelegate.m in Sources */,
				8B034CB1182422250050CBAB /* main.m in Sources */,
				8BC0F3751829D3FB001B5A7B /* Event.m in Sources */,
				8BC0F36E1829D3ED001B5A7B /* EventTableViewCell.m in Sources */,
				40BF281C182A0FFF00A1BD71 /* TicketDetailsViewController.m in Sources */,
				8BC0F3761829D3FB001B5A7B /* Ticket.m in Sources */,
				40BF2828182A989100A1BD71 /* TicketDetailsView.m in Sources */,
				8BC0F3671829D320001B5A7B /* TicketsViewController.m in Sources */,
				8BC0F36F1829D3ED001B5A7B /* LargeButton.m in Sources */,
				8BC0F3661829D320001B5A7B /* EventsViewController.m in Sources */,
				8BC0F3701829D3ED001B5A7B /* TicketTableViewCell.m in Sources */,
			);
			runOnlyForDeploymentPostprocessing = 0;
		};
		8B034CC1182422250050CBAB /* Sources */ = {
			isa = PBXSourcesBuildPhase;
			buildActionMask = 2147483647;
			files = (
				8B034CED182453710050CBAB /* EventDetailsViewController.m in Sources */,
				8B034CD3182422250050CBAB /* HamiltonTests.m in Sources */,
				40BF281D182A0FFF00A1BD71 /* TicketDetailsViewController.m in Sources */,
				40BF2829182A989100A1BD71 /* TicketDetailsView.m in Sources */,
			);
			runOnlyForDeploymentPostprocessing = 0;
		};
/* End PBXSourcesBuildPhase section */

/* Begin PBXTargetDependency section */
		8B034CCB182422250050CBAB /* PBXTargetDependency */ = {
			isa = PBXTargetDependency;
			target = 8B034CA0182422250050CBAB /* Hamilton */;
			targetProxy = 8B034CCA182422250050CBAB /* PBXContainerItemProxy */;
		};
/* End PBXTargetDependency section */

/* Begin PBXVariantGroup section */
		8B034CAD182422250050CBAB /* InfoPlist.strings */ = {
			isa = PBXVariantGroup;
			children = (
				8B034CAE182422250050CBAB /* en */,
			);
			name = InfoPlist.strings;
			sourceTree = "<group>";
		};
		8B034CB6182422250050CBAB /* Main.storyboard */ = {
			isa = PBXVariantGroup;
			children = (
				8B034CB7182422250050CBAB /* Base */,
			);
			name = Main.storyboard;
			sourceTree = "<group>";
		};
		8B034CCF182422250050CBAB /* InfoPlist.strings */ = {
			isa = PBXVariantGroup;
			children = (
				8B034CD0182422250050CBAB /* en */,
			);
			name = InfoPlist.strings;
			sourceTree = "<group>";
		};
/* End PBXVariantGroup section */

/* Begin XCBuildConfiguration section */
		8B034CD4182422250050CBAB /* Debug */ = {
			isa = XCBuildConfiguration;
			buildSettings = {
				ALWAYS_SEARCH_USER_PATHS = NO;
				ARCHS = "$(ARCHS_STANDARD_INCLUDING_64_BIT)";
				CLANG_CXX_LANGUAGE_STANDARD = "gnu++0x";
				CLANG_CXX_LIBRARY = "libc++";
				CLANG_ENABLE_MODULES = YES;
				CLANG_ENABLE_OBJC_ARC = YES;
				CLANG_WARN_BOOL_CONVERSION = YES;
				CLANG_WARN_CONSTANT_CONVERSION = YES;
				CLANG_WARN_DIRECT_OBJC_ISA_USAGE = YES_ERROR;
				CLANG_WARN_EMPTY_BODY = YES;
				CLANG_WARN_ENUM_CONVERSION = YES;
				CLANG_WARN_INT_CONVERSION = YES;
				CLANG_WARN_OBJC_ROOT_CLASS = YES_ERROR;
				CLANG_WARN__DUPLICATE_METHOD_MATCH = YES;
				"CODE_SIGN_IDENTITY[sdk=iphoneos*]" = "iPhone Developer";
				COPY_PHASE_STRIP = NO;
				GCC_C_LANGUAGE_STANDARD = gnu99;
				GCC_DYNAMIC_NO_PIC = NO;
				GCC_OPTIMIZATION_LEVEL = 0;
				GCC_PREPROCESSOR_DEFINITIONS = (
					"DEBUG=1",
					"$(inherited)",
				);
				GCC_SYMBOLS_PRIVATE_EXTERN = NO;
				GCC_WARN_64_TO_32_BIT_CONVERSION = YES;
				GCC_WARN_ABOUT_RETURN_TYPE = YES_ERROR;
				GCC_WARN_UNDECLARED_SELECTOR = YES;
				GCC_WARN_UNINITIALIZED_AUTOS = YES;
				GCC_WARN_UNUSED_FUNCTION = YES;
				GCC_WARN_UNUSED_VARIABLE = YES;
				IPHONEOS_DEPLOYMENT_TARGET = 7.0;
				ONLY_ACTIVE_ARCH = YES;
				SDKROOT = iphoneos;
			};
			name = Debug;
		};
		8B034CD5182422250050CBAB /* Release */ = {
			isa = XCBuildConfiguration;
			buildSettings = {
				ALWAYS_SEARCH_USER_PATHS = NO;
				ARCHS = "$(ARCHS_STANDARD_INCLUDING_64_BIT)";
				CLANG_CXX_LANGUAGE_STANDARD = "gnu++0x";
				CLANG_CXX_LIBRARY = "libc++";
				CLANG_ENABLE_MODULES = YES;
				CLANG_ENABLE_OBJC_ARC = YES;
				CLANG_WARN_BOOL_CONVERSION = YES;
				CLANG_WARN_CONSTANT_CONVERSION = YES;
				CLANG_WARN_DIRECT_OBJC_ISA_USAGE = YES_ERROR;
				CLANG_WARN_EMPTY_BODY = YES;
				CLANG_WARN_ENUM_CONVERSION = YES;
				CLANG_WARN_INT_CONVERSION = YES;
				CLANG_WARN_OBJC_ROOT_CLASS = YES_ERROR;
				CLANG_WARN__DUPLICATE_METHOD_MATCH = YES;
				"CODE_SIGN_IDENTITY[sdk=iphoneos*]" = "iPhone Developer";
				COPY_PHASE_STRIP = YES;
				ENABLE_NS_ASSERTIONS = NO;
				GCC_C_LANGUAGE_STANDARD = gnu99;
				GCC_WARN_64_TO_32_BIT_CONVERSION = YES;
				GCC_WARN_ABOUT_RETURN_TYPE = YES_ERROR;
				GCC_WARN_UNDECLARED_SELECTOR = YES;
				GCC_WARN_UNINITIALIZED_AUTOS = YES;
				GCC_WARN_UNUSED_FUNCTION = YES;
				GCC_WARN_UNUSED_VARIABLE = YES;
				IPHONEOS_DEPLOYMENT_TARGET = 7.0;
				SDKROOT = iphoneos;
				VALIDATE_PRODUCT = YES;
			};
			name = Release;
		};
		8B034CD7182422250050CBAB /* Debug */ = {
			isa = XCBuildConfiguration;
			baseConfigurationReference = 9EBAA57CFAC047DE935B4291 /* Pods.xcconfig */;
			buildSettings = {
				ASSETCATALOG_COMPILER_APPICON_NAME = AppIcon;
				ASSETCATALOG_COMPILER_LAUNCHIMAGE_NAME = LaunchImage;
				GCC_PRECOMPILE_PREFIX_HEADER = YES;
				GCC_PREFIX_HEADER = "Hamilton/Hamilton-Prefix.pch";
				INFOPLIST_FILE = "Hamilton/Hamilton-Info.plist";
				PRODUCT_NAME = "$(TARGET_NAME)";
				WRAPPER_EXTENSION = app;
			};
			name = Debug;
		};
		8B034CD8182422250050CBAB /* Release */ = {
			isa = XCBuildConfiguration;
			baseConfigurationReference = 9EBAA57CFAC047DE935B4291 /* Pods.xcconfig */;
			buildSettings = {
				ASSETCATALOG_COMPILER_APPICON_NAME = AppIcon;
				ASSETCATALOG_COMPILER_LAUNCHIMAGE_NAME = LaunchImage;
				GCC_PRECOMPILE_PREFIX_HEADER = YES;
				GCC_PREFIX_HEADER = "Hamilton/Hamilton-Prefix.pch";
				INFOPLIST_FILE = "Hamilton/Hamilton-Info.plist";
				PRODUCT_NAME = "$(TARGET_NAME)";
				WRAPPER_EXTENSION = app;
			};
			name = Release;
		};
		8B034CDA182422250050CBAB /* Debug */ = {
			isa = XCBuildConfiguration;
			buildSettings = {
				ARCHS = "$(ARCHS_STANDARD_INCLUDING_64_BIT)";
				BUNDLE_LOADER = "$(BUILT_PRODUCTS_DIR)/Hamilton.app/Hamilton";
				FRAMEWORK_SEARCH_PATHS = (
					"$(SDKROOT)/Developer/Library/Frameworks",
					"$(inherited)",
					"$(DEVELOPER_FRAMEWORKS_DIR)",
				);
				GCC_PRECOMPILE_PREFIX_HEADER = YES;
				GCC_PREFIX_HEADER = "Hamilton/Hamilton-Prefix.pch";
				GCC_PREPROCESSOR_DEFINITIONS = (
					"DEBUG=1",
					"$(inherited)",
				);
				INFOPLIST_FILE = "HamiltonTests/HamiltonTests-Info.plist";
				PRODUCT_NAME = "$(TARGET_NAME)";
				TEST_HOST = "$(BUNDLE_LOADER)";
				WRAPPER_EXTENSION = xctest;
			};
			name = Debug;
		};
		8B034CDB182422250050CBAB /* Release */ = {
			isa = XCBuildConfiguration;
			buildSettings = {
				ARCHS = "$(ARCHS_STANDARD_INCLUDING_64_BIT)";
				BUNDLE_LOADER = "$(BUILT_PRODUCTS_DIR)/Hamilton.app/Hamilton";
				FRAMEWORK_SEARCH_PATHS = (
					"$(SDKROOT)/Developer/Library/Frameworks",
					"$(inherited)",
					"$(DEVELOPER_FRAMEWORKS_DIR)",
				);
				GCC_PRECOMPILE_PREFIX_HEADER = YES;
				GCC_PREFIX_HEADER = "Hamilton/Hamilton-Prefix.pch";
				INFOPLIST_FILE = "HamiltonTests/HamiltonTests-Info.plist";
				PRODUCT_NAME = "$(TARGET_NAME)";
				TEST_HOST = "$(BUNDLE_LOADER)";
				WRAPPER_EXTENSION = xctest;
			};
			name = Release;
		};
/* End XCBuildConfiguration section */

/* Begin XCConfigurationList section */
		8B034C9C182422250050CBAB /* Build configuration list for PBXProject "Hamilton" */ = {
			isa = XCConfigurationList;
			buildConfigurations = (
				8B034CD4182422250050CBAB /* Debug */,
				8B034CD5182422250050CBAB /* Release */,
			);
			defaultConfigurationIsVisible = 0;
			defaultConfigurationName = Release;
		};
		8B034CD6182422250050CBAB /* Build configuration list for PBXNativeTarget "Hamilton" */ = {
			isa = XCConfigurationList;
			buildConfigurations = (
				8B034CD7182422250050CBAB /* Debug */,
				8B034CD8182422250050CBAB /* Release */,
			);
			defaultConfigurationIsVisible = 0;
			defaultConfigurationName = Release;
		};
		8B034CD9182422250050CBAB /* Build configuration list for PBXNativeTarget "HamiltonTests" */ = {
			isa = XCConfigurationList;
			buildConfigurations = (
				8B034CDA182422250050CBAB /* Debug */,
				8B034CDB182422250050CBAB /* Release */,
			);
			defaultConfigurationIsVisible = 0;
			defaultConfigurationName = Release;
		};
/* End XCConfigurationList section */
	};
	rootObject = 8B034C99182422250050CBAB /* Project object */;
}
